
Microsoft Visual Studio Solution File, Format Version 12.00
Project("{FAE04EC0-301F-11D3-BF4B-00C04F79EFBC}") = "Atom", "src/Atom/Atom.csproj", "{27567662-D89E-4210-A3FD-A455EED492F9}"
EndProject
Project("{FAE04EC0-301F-11D3-BF4B-00C04F79EFBC}") = "SPIRV-Cross", "src/SPIRV-Cross/SPIRV-Cross.csproj", "{3EE06F40-912F-43B9-9625-91FEADC48981}"
EndProject
Project("{FAE04EC0-301F-11D3-BF4B-00C04F79EFBC}") = "Atom.Engine", "src/Atom/Engine/Atom.Engine.csproj", "{0C56416C-E793-4A4C-8C08-A8960C634C48}"
EndProject
Project("{FAE04EC0-301F-11D3-BF4B-00C04F79EFBC}") = "Atom.Engine.Core", "src/Atom/Engine/Core/Atom.Engine.Core.csproj", "{0753EE7C-607E-4F81-8CA1-90F0539F4275}"
EndProject
Global
	GlobalSection(SolutionConfigurationPlatforms) = preSolution
		Debug|x64 = Debug|x64
		Release|x64 = Release|x64
	EndGlobalSection
	GlobalSection(ProjectConfigurationPlatforms) = postSolution
		{27567662-D89E-4210-A3FD-A455EED492F9}.Debug|x64.ActiveCfg = Debug|x64
		{27567662-D89E-4210-A3FD-A455EED492F9}.Debug|x64.Build.0 = Debug|x64
		{27567662-D89E-4210-A3FD-A455EED492F9}.Release|x64.ActiveCfg = Release|x64
		{27567662-D89E-4210-A3FD-A455EED492F9}.Release|x64.Build.0 = Release|x64
		{3EE06F40-912F-43B9-9625-91FEADC48981}.Debug|x64.ActiveCfg = Debug|x64
		{3EE06F40-912F-43B9-9625-91FEADC48981}.Debug|x64.Build.0 = Debug|x64
		{3EE06F40-912F-43B9-9625-91FEADC48981}.Release|x64.ActiveCfg = Release|x64
		{3EE06F40-912F-43B9-9625-91FEADC48981}.Release|x64.Build.0 = Release|x64
		{0C56416C-E793-4A4C-8C08-A8960C634C48}.Debug|x64.ActiveCfg = Debug|x64
		{0C56416C-E793-4A4C-8C08-A8960C634C48}.Debug|x64.Build.0 = Debug|x64
		{0C56416C-E793-4A4C-8C08-A8960C634C48}.Release|x64.ActiveCfg = Release|x64
		{0C56416C-E793-4A4C-8C08-A8960C634C48}.Release|x64.Build.0 = Release|x64
		{0753EE7C-607E-4F81-8CA1-90F0539F4275}.Debug|x64.ActiveCfg = Debug|x64
		{0753EE7C-607E-4F81-8CA1-90F0539F4275}.Debug|x64.Build.0 = Debug|x64
		{0753EE7C-607E-4F81-8CA1-90F0539F4275}.Release|x64.ActiveCfg = Release|x64
		{0753EE7C-607E-4F81-8CA1-90F0539F4275}.Release|x64.Build.0 = Release|x64
	EndGlobalSection
EndGlobal
